
Microsoft Visual Studio Solution File, Format Version 12.00
# Visual Studio Version 16
VisualStudioVersion = 16.0.30717.126
MinimumVisualStudioVersion = 10.0.40219.1
Project("{9A19103F-16F7-4668-BE54-9A1E7A4F7556}") = "Builder", "Builder\Builder.csproj", "{9CBE7841-594F-4079-90AB-B104CD789366}"
EndProject
Project("{9A19103F-16F7-4668-BE54-9A1E7A4F7556}") = "FactoryMethod", "FactoryMethod\FactoryMethod.csproj", "{FC48A569-4CD8-44A0-B89A-89641C0D4491}"
EndProject
Project("{2150E333-8FDC-42A3-9474-1A3956D46DE8}") = "Generative Patterns", "Generative Patterns", "{13E1ECDA-31BC-46C3-95B6-281F0FDC299F}"
EndProject
Project("{9A19103F-16F7-4668-BE54-9A1E7A4F7556}") = "Prototype", "Prototype\Prototype.csproj", "{52AEA33C-29A3-4505-820D-F9FDCB400212}"
EndProject
Project("{9A19103F-16F7-4668-BE54-9A1E7A4F7556}") = "Singleton", "Singletone\Singleton.csproj", "{483C6E13-D9A2-41BA-9C14-72123736EA2B}"
EndProject
Project("{2150E333-8FDC-42A3-9474-1A3956D46DE8}") = "Behavior Patterns", "Behavior Patterns", "{2970B487-1C81-435C-BE51-30B942DE116C}"
EndProject
Project("{2150E333-8FDC-42A3-9474-1A3956D46DE8}") = "Structural Patterns", "Structural Patterns", "{D5BFA918-1D3A-45C5-B552-7A8F4EDFFE8C}"
EndProject
Project("{9A19103F-16F7-4668-BE54-9A1E7A4F7556}") = "Adapter", "Adapter\Adapter.csproj", "{94012C97-E6C0-422C-BF1C-4F1739D4AD7C}"
EndProject
Project("{9A19103F-16F7-4668-BE54-9A1E7A4F7556}") = "AbstractFactory", "AbstractFactory\AbstractFactory.csproj", "{39309C33-20DB-41BC-8663-1B90B9DAEE2F}"
EndProject
Global
	GlobalSection(SolutionConfigurationPlatforms) = preSolution
		Debug|Any CPU = Debug|Any CPU
		Release|Any CPU = Release|Any CPU
	EndGlobalSection
	GlobalSection(ProjectConfigurationPlatforms) = postSolution
		{9CBE7841-594F-4079-90AB-B104CD789366}.Debug|Any CPU.ActiveCfg = Debug|Any CPU
		{9CBE7841-594F-4079-90AB-B104CD789366}.Debug|Any CPU.Build.0 = Debug|Any CPU
		{9CBE7841-594F-4079-90AB-B104CD789366}.Release|Any CPU.ActiveCfg = Release|Any CPU
		{9CBE7841-594F-4079-90AB-B104CD789366}.Release|Any CPU.Build.0 = Release|Any CPU
		{FC48A569-4CD8-44A0-B89A-89641C0D4491}.Debug|Any CPU.ActiveCfg = Debug|Any CPU
		{FC48A569-4CD8-44A0-B89A-89641C0D4491}.Debug|Any CPU.Build.0 = Debug|Any CPU
		{FC48A569-4CD8-44A0-B89A-89641C0D4491}.Release|Any CPU.ActiveCfg = Release|Any CPU
		{FC48A569-4CD8-44A0-B89A-89641C0D4491}.Release|Any CPU.Build.0 = Release|Any CPU
		{52AEA33C-29A3-4505-820D-F9FDCB400212}.Debug|Any CPU.ActiveCfg = Debug|Any CPU
		{52AEA33C-29A3-4505-820D-F9FDCB400212}.Debug|Any CPU.Build.0 = Debug|Any CPU
		{52AEA33C-29A3-4505-820D-F9FDCB400212}.Release|Any CPU.ActiveCfg = Release|Any CPU
		{52AEA33C-29A3-4505-820D-F9FDCB400212}.Release|Any CPU.Build.0 = Release|Any CPU
		{483C6E13-D9A2-41BA-9C14-72123736EA2B}.Debug|Any CPU.ActiveCfg = Debug|Any CPU
		{483C6E13-D9A2-41BA-9C14-72123736EA2B}.Debug|Any CPU.Build.0 = Debug|Any CPU
		{483C6E13-D9A2-41BA-9C14-72123736EA2B}.Release|Any CPU.ActiveCfg = Release|Any CPU
		{483C6E13-D9A2-41BA-9C14-72123736EA2B}.Release|Any CPU.Build.0 = Release|Any CPU
		{94012C97-E6C0-422C-BF1C-4F1739D4AD7C}.Debug|Any CPU.ActiveCfg = Debug|Any CPU
		{94012C97-E6C0-422C-BF1C-4F1739D4AD7C}.Debug|Any CPU.Build.0 = Debug|Any CPU
		{94012C97-E6C0-422C-BF1C-4F1739D4AD7C}.Release|Any CPU.ActiveCfg = Release|Any CPU
		{94012C97-E6C0-422C-BF1C-4F1739D4AD7C}.Release|Any CPU.Build.0 = Release|Any CPU
		{39309C33-20DB-41BC-8663-1B90B9DAEE2F}.Debug|Any CPU.ActiveCfg = Debug|Any CPU
		{39309C33-20DB-41BC-8663-1B90B9DAEE2F}.Debug|Any CPU.Build.0 = Debug|Any CPU
		{39309C33-20DB-41BC-8663-1B90B9DAEE2F}.Release|Any CPU.ActiveCfg = Release|Any CPU
		{39309C33-20DB-41BC-8663-1B90B9DAEE2F}.Release|Any CPU.Build.0 = Release|Any CPU
	EndGlobalSection
	GlobalSection(SolutionProperties) = preSolution
		HideSolutionNode = FALSE
	EndGlobalSection
	GlobalSection(NestedProjects) = preSolution
		{9CBE7841-594F-4079-90AB-B104CD789366} = {13E1ECDA-31BC-46C3-95B6-281F0FDC299F}
		{FC48A569-4CD8-44A0-B89A-89641C0D4491} = {13E1ECDA-31BC-46C3-95B6-281F0FDC299F}
		{52AEA33C-29A3-4505-820D-F9FDCB400212} = {13E1ECDA-31BC-46C3-95B6-281F0FDC299F}
		{483C6E13-D9A2-41BA-9C14-72123736EA2B} = {13E1ECDA-31BC-46C3-95B6-281F0FDC299F}
		{94012C97-E6C0-422C-BF1C-4F1739D4AD7C} = {D5BFA918-1D3A-45C5-B552-7A8F4EDFFE8C}
		{39309C33-20DB-41BC-8663-1B90B9DAEE2F} = {13E1ECDA-31BC-46C3-95B6-281F0FDC299F}
	EndGlobalSection
	GlobalSection(ExtensibilityGlobals) = postSolution
		SolutionGuid = {A58E4204-4D1F-4E42-8B4D-11E857C2718B}
	EndGlobalSection
EndGlobal
