
Microsoft Visual Studio Solution File, Format Version 12.00
# Visual Studio Version 16
VisualStudioVersion = 16.0.30717.126
MinimumVisualStudioVersion = 10.0.40219.1
Project("{9A19103F-16F7-4668-BE54-9A1E7A4F7556}") = "AbstractFactory", "Design Patterns\AbstractFactory.csproj", "{0F740243-A11B-4183-8901-4388CAB04B9C}"
EndProject
Project("{FAE04EC0-301F-11D3-BF4B-00C04F79EFBC}") = "Builder", "Builder\Builder.csproj", "{9CBE7841-594F-4079-90AB-B104CD789366}"
EndProject
Project("{FAE04EC0-301F-11D3-BF4B-00C04F79EFBC}") = "FactoryMethod", "FactoryMethod\FactoryMethod.csproj", "{FC48A569-4CD8-44A0-B89A-89641C0D4491}"
EndProject
Project("{2150E333-8FDC-42A3-9474-1A3956D46DE8}") = "Generative Patterns", "Generative Patterns", "{13E1ECDA-31BC-46C3-95B6-281F0FDC299F}"
EndProject
Project("{FAE04EC0-301F-11D3-BF4B-00C04F79EFBC}") = "Prototype", "Prototype\Prototype.csproj", "{52AEA33C-29A3-4505-820D-F9FDCB400212}"
EndProject
Global
	GlobalSection(SolutionConfigurationPlatforms) = preSolution
		Debug|Any CPU = Debug|Any CPU
		Release|Any CPU = Release|Any CPU
	EndGlobalSection
	GlobalSection(ProjectConfigurationPlatforms) = postSolution
		{0F740243-A11B-4183-8901-4388CAB04B9C}.Debug|Any CPU.ActiveCfg = Debug|Any CPU
		{0F740243-A11B-4183-8901-4388CAB04B9C}.Debug|Any CPU.Build.0 = Debug|Any CPU
		{0F740243-A11B-4183-8901-4388CAB04B9C}.Release|Any CPU.ActiveCfg = Release|Any CPU
		{0F740243-A11B-4183-8901-4388CAB04B9C}.Release|Any CPU.Build.0 = Release|Any CPU
		{9CBE7841-594F-4079-90AB-B104CD789366}.Debug|Any CPU.ActiveCfg = Debug|Any CPU
		{9CBE7841-594F-4079-90AB-B104CD789366}.Debug|Any CPU.Build.0 = Debug|Any CPU
		{9CBE7841-594F-4079-90AB-B104CD789366}.Release|Any CPU.ActiveCfg = Release|Any CPU
		{9CBE7841-594F-4079-90AB-B104CD789366}.Release|Any CPU.Build.0 = Release|Any CPU
		{FC48A569-4CD8-44A0-B89A-89641C0D4491}.Debug|Any CPU.ActiveCfg = Debug|Any CPU
		{FC48A569-4CD8-44A0-B89A-89641C0D4491}.Debug|Any CPU.Build.0 = Debug|Any CPU
		{FC48A569-4CD8-44A0-B89A-89641C0D4491}.Release|Any CPU.ActiveCfg = Release|Any CPU
		{FC48A569-4CD8-44A0-B89A-89641C0D4491}.Release|Any CPU.Build.0 = Release|Any CPU
		{52AEA33C-29A3-4505-820D-F9FDCB400212}.Debug|Any CPU.ActiveCfg = Debug|Any CPU
		{52AEA33C-29A3-4505-820D-F9FDCB400212}.Debug|Any CPU.Build.0 = Debug|Any CPU
		{52AEA33C-29A3-4505-820D-F9FDCB400212}.Release|Any CPU.ActiveCfg = Release|Any CPU
		{52AEA33C-29A3-4505-820D-F9FDCB400212}.Release|Any CPU.Build.0 = Release|Any CPU
	EndGlobalSection
	GlobalSection(SolutionProperties) = preSolution
		HideSolutionNode = FALSE
	EndGlobalSection
	GlobalSection(NestedProjects) = preSolution
		{0F740243-A11B-4183-8901-4388CAB04B9C} = {13E1ECDA-31BC-46C3-95B6-281F0FDC299F}
		{9CBE7841-594F-4079-90AB-B104CD789366} = {13E1ECDA-31BC-46C3-95B6-281F0FDC299F}
		{FC48A569-4CD8-44A0-B89A-89641C0D4491} = {13E1ECDA-31BC-46C3-95B6-281F0FDC299F}
		{52AEA33C-29A3-4505-820D-F9FDCB400212} = {13E1ECDA-31BC-46C3-95B6-281F0FDC299F}
	EndGlobalSection
	GlobalSection(ExtensibilityGlobals) = postSolution
		SolutionGuid = {A58E4204-4D1F-4E42-8B4D-11E857C2718B}
	EndGlobalSection
EndGlobal
